// !$*UTF8*$!
{
	archiveVersion = 1;
	classes = {
	};
	objectVersion = 50;
	objects = {

/* Begin PBXBuildFile section */
		525CFF1323CDC4DA00B90092 /* AppDelegate.swift in Sources */ = {isa = PBXBuildFile; fileRef = 525CFF1223CDC4DA00B90092 /* AppDelegate.swift */; };
		525CFF1723CDC4DA00B90092 /* ViewController.swift in Sources */ = {isa = PBXBuildFile; fileRef = 525CFF1623CDC4DA00B90092 /* ViewController.swift */; };
		525CFF1A23CDC4DA00B90092 /* Main.storyboard in Resources */ = {isa = PBXBuildFile; fileRef = 525CFF1823CDC4DA00B90092 /* Main.storyboard */; };
		525CFF1C23CDC4DC00B90092 /* Assets.xcassets in Resources */ = {isa = PBXBuildFile; fileRef = 525CFF1B23CDC4DC00B90092 /* Assets.xcassets */; };
		525CFF1F23CDC4DC00B90092 /* LaunchScreen.storyboard in Resources */ = {isa = PBXBuildFile; fileRef = 525CFF1D23CDC4DC00B90092 /* LaunchScreen.storyboard */; };
		525CFF2A23CDC4DC00B90092 /* ImageLoaderUITests.swift in Sources */ = {isa = PBXBuildFile; fileRef = 525CFF2923CDC4DC00B90092 /* ImageLoaderUITests.swift */; };
		525CFF3A23CDC52000B90092 /* ImageViewController.swift in Sources */ = {isa = PBXBuildFile; fileRef = 525CFF3523CDC52000B90092 /* ImageViewController.swift */; };
		525CFF3B23CDC52000B90092 /* ImageViewController.xib in Resources */ = {isa = PBXBuildFile; fileRef = 525CFF3623CDC52000B90092 /* ImageViewController.xib */; };
		525CFF3C23CDC52000B90092 /* ImageCell.xib in Resources */ = {isa = PBXBuildFile; fileRef = 525CFF3823CDC52000B90092 /* ImageCell.xib */; };
		525CFF3D23CDC52000B90092 /* ImageCell.swift in Sources */ = {isa = PBXBuildFile; fileRef = 525CFF3923CDC52000B90092 /* ImageCell.swift */; };
		525CFF4523CDC57900B90092 /* ImageMemoryCache.swift in Sources */ = {isa = PBXBuildFile; fileRef = 525CFF3F23CDC57900B90092 /* ImageMemoryCache.swift */; };
		525CFF4623CDC57900B90092 /* String + MD5.swift in Sources */ = {isa = PBXBuildFile; fileRef = 525CFF4123CDC57900B90092 /* String + MD5.swift */; };
		525CFF4723CDC57900B90092 /* URLImageView.swift in Sources */ = {isa = PBXBuildFile; fileRef = 525CFF4223CDC57900B90092 /* URLImageView.swift */; };
		525CFF4823CDC57900B90092 /* ImageDiskCache.swift in Sources */ = {isa = PBXBuildFile; fileRef = 525CFF4323CDC57900B90092 /* ImageDiskCache.swift */; };
		525CFF4923CDC57900B90092 /* ImageResize.swift in Sources */ = {isa = PBXBuildFile; fileRef = 525CFF4423CDC57900B90092 /* ImageResize.swift */; };
		525CFF4D23CDC66B00B90092 /* ImageDownloader.swift in Sources */ = {isa = PBXBuildFile; fileRef = 525CFF4C23CDC66B00B90092 /* ImageDownloader.swift */; };
		525CFF7523D1488B00B90092 /* UIImage + GIF.swift in Sources */ = {isa = PBXBuildFile; fileRef = 525CFF7423D1488B00B90092 /* UIImage + GIF.swift */; };
		525CFF7723D1A8E800B90092 /* ImageDownloadOperation.swift in Sources */ = {isa = PBXBuildFile; fileRef = 525CFF7623D1A8E800B90092 /* ImageDownloadOperation.swift */; };
/* End PBXBuildFile section */

/* Begin PBXContainerItemProxy section */
		525CFF2623CDC4DC00B90092 /* PBXContainerItemProxy */ = {
			isa = PBXContainerItemProxy;
			containerPortal = 525CFF0723CDC4DA00B90092 /* Project object */;
			proxyType = 1;
			remoteGlobalIDString = 525CFF0E23CDC4DA00B90092;
			remoteInfo = ImageLoader;
		};
/* End PBXContainerItemProxy section */

/* Begin PBXFileReference section */
		525CFF0F23CDC4DA00B90092 /* ImageLoader.app */ = {isa = PBXFileReference; explicitFileType = wrapper.application; includeInIndex = 0; path = ImageLoader.app; sourceTree = BUILT_PRODUCTS_DIR; };
		525CFF1223CDC4DA00B90092 /* AppDelegate.swift */ = {isa = PBXFileReference; lastKnownFileType = sourcecode.swift; path = AppDelegate.swift; sourceTree = "<group>"; };
		525CFF1623CDC4DA00B90092 /* ViewController.swift */ = {isa = PBXFileReference; lastKnownFileType = sourcecode.swift; path = ViewController.swift; sourceTree = "<group>"; };
		525CFF1923CDC4DA00B90092 /* Base */ = {isa = PBXFileReference; lastKnownFileType = file.storyboard; name = Base; path = Base.lproj/Main.storyboard; sourceTree = "<group>"; };
		525CFF1B23CDC4DC00B90092 /* Assets.xcassets */ = {isa = PBXFileReference; lastKnownFileType = folder.assetcatalog; path = Assets.xcassets; sourceTree = "<group>"; };
		525CFF1E23CDC4DC00B90092 /* Base */ = {isa = PBXFileReference; lastKnownFileType = file.storyboard; name = Base; path = Base.lproj/LaunchScreen.storyboard; sourceTree = "<group>"; };
		525CFF2023CDC4DC00B90092 /* Info.plist */ = {isa = PBXFileReference; lastKnownFileType = text.plist.xml; path = Info.plist; sourceTree = "<group>"; };
		525CFF2523CDC4DC00B90092 /* ImageLoaderUITests.xctest */ = {isa = PBXFileReference; explicitFileType = wrapper.cfbundle; includeInIndex = 0; path = ImageLoaderUITests.xctest; sourceTree = BUILT_PRODUCTS_DIR; };
		525CFF2923CDC4DC00B90092 /* ImageLoaderUITests.swift */ = {isa = PBXFileReference; lastKnownFileType = sourcecode.swift; path = ImageLoaderUITests.swift; sourceTree = "<group>"; };
		525CFF2B23CDC4DC00B90092 /* Info.plist */ = {isa = PBXFileReference; lastKnownFileType = text.plist.xml; path = Info.plist; sourceTree = "<group>"; };
		525CFF3523CDC52000B90092 /* ImageViewController.swift */ = {isa = PBXFileReference; fileEncoding = 4; lastKnownFileType = sourcecode.swift; path = ImageViewController.swift; sourceTree = "<group>"; };
		525CFF3623CDC52000B90092 /* ImageViewController.xib */ = {isa = PBXFileReference; fileEncoding = 4; lastKnownFileType = file.xib; path = ImageViewController.xib; sourceTree = "<group>"; };
		525CFF3823CDC52000B90092 /* ImageCell.xib */ = {isa = PBXFileReference; fileEncoding = 4; lastKnownFileType = file.xib; path = ImageCell.xib; sourceTree = "<group>"; };
		525CFF3923CDC52000B90092 /* ImageCell.swift */ = {isa = PBXFileReference; fileEncoding = 4; lastKnownFileType = sourcecode.swift; path = ImageCell.swift; sourceTree = "<group>"; };
		525CFF3F23CDC57900B90092 /* ImageMemoryCache.swift */ = {isa = PBXFileReference; fileEncoding = 4; lastKnownFileType = sourcecode.swift; name = ImageMemoryCache.swift; path = ../ImageMemoryCache.swift; sourceTree = "<group>"; };
		525CFF4123CDC57900B90092 /* String + MD5.swift */ = {isa = PBXFileReference; fileEncoding = 4; lastKnownFileType = sourcecode.swift; path = "String + MD5.swift"; sourceTree = "<group>"; };
		525CFF4223CDC57900B90092 /* URLImageView.swift */ = {isa = PBXFileReference; fileEncoding = 4; lastKnownFileType = sourcecode.swift; path = URLImageView.swift; sourceTree = "<group>"; };
		525CFF4323CDC57900B90092 /* ImageDiskCache.swift */ = {isa = PBXFileReference; fileEncoding = 4; lastKnownFileType = sourcecode.swift; name = ImageDiskCache.swift; path = ../ImageDiskCache.swift; sourceTree = "<group>"; };
		525CFF4423CDC57900B90092 /* ImageResize.swift */ = {isa = PBXFileReference; fileEncoding = 4; lastKnownFileType = sourcecode.swift; path = ImageResize.swift; sourceTree = "<group>"; };
		525CFF4C23CDC66B00B90092 /* ImageDownloader.swift */ = {isa = PBXFileReference; lastKnownFileType = sourcecode.swift; path = ImageDownloader.swift; sourceTree = "<group>"; };
		525CFF7423D1488B00B90092 /* UIImage + GIF.swift */ = {isa = PBXFileReference; lastKnownFileType = sourcecode.swift; path = "UIImage + GIF.swift"; sourceTree = "<group>"; };
		525CFF7623D1A8E800B90092 /* ImageDownloadOperation.swift */ = {isa = PBXFileReference; lastKnownFileType = sourcecode.swift; path = ImageDownloadOperation.swift; sourceTree = "<group>"; };
/* End PBXFileReference section */

/* Begin PBXFrameworksBuildPhase section */
		525CFF0C23CDC4DA00B90092 /* Frameworks */ = {
			isa = PBXFrameworksBuildPhase;
			buildActionMask = 2147483647;
			files = (
			);
			runOnlyForDeploymentPostprocessing = 0;
		};
		525CFF2223CDC4DC00B90092 /* Frameworks */ = {
			isa = PBXFrameworksBuildPhase;
			buildActionMask = 2147483647;
			files = (
			);
			runOnlyForDeploymentPostprocessing = 0;
		};
/* End PBXFrameworksBuildPhase section */

/* Begin PBXGroup section */
		525CFF0623CDC4DA00B90092 = {
			isa = PBXGroup;
			children = (
				525CFF1123CDC4DA00B90092 /* ImageLoader */,
				525CFF2823CDC4DC00B90092 /* ImageLoaderUITests */,
				525CFF1023CDC4DA00B90092 /* Products */,
			);
			sourceTree = "<group>";
		};
		525CFF1023CDC4DA00B90092 /* Products */ = {
			isa = PBXGroup;
			children = (
				525CFF0F23CDC4DA00B90092 /* ImageLoader.app */,
				525CFF2523CDC4DC00B90092 /* ImageLoaderUITests.xctest */,
			);
			name = Products;
			sourceTree = "<group>";
		};
		525CFF1123CDC4DA00B90092 /* ImageLoader */ = {
			isa = PBXGroup;
			children = (
				525CFF1223CDC4DA00B90092 /* AppDelegate.swift */,
				525CFF1623CDC4DA00B90092 /* ViewController.swift */,
				525CFF3E23CDC57900B90092 /* URLImageView */,
				525CFF3423CDC52000B90092 /* Image */,
				525CFF1823CDC4DA00B90092 /* Main.storyboard */,
				525CFF1B23CDC4DC00B90092 /* Assets.xcassets */,
				525CFF1D23CDC4DC00B90092 /* LaunchScreen.storyboard */,
				525CFF2023CDC4DC00B90092 /* Info.plist */,
			);
			path = ImageLoader;
			sourceTree = "<group>";
		};
		525CFF2823CDC4DC00B90092 /* ImageLoaderUITests */ = {
			isa = PBXGroup;
			children = (
				525CFF2923CDC4DC00B90092 /* ImageLoaderUITests.swift */,
				525CFF2B23CDC4DC00B90092 /* Info.plist */,
			);
			path = ImageLoaderUITests;
			sourceTree = "<group>";
		};
		525CFF3423CDC52000B90092 /* Image */ = {
			isa = PBXGroup;
			children = (
				525CFF3523CDC52000B90092 /* ImageViewController.swift */,
				525CFF3623CDC52000B90092 /* ImageViewController.xib */,
				525CFF3723CDC52000B90092 /* View */,
			);
			path = Image;
			sourceTree = "<group>";
		};
		525CFF3723CDC52000B90092 /* View */ = {
			isa = PBXGroup;
			children = (
				525CFF3823CDC52000B90092 /* ImageCell.xib */,
				525CFF3923CDC52000B90092 /* ImageCell.swift */,
			);
			path = View;
			sourceTree = "<group>";
		};
		525CFF3E23CDC57900B90092 /* URLImageView */ = {
			isa = PBXGroup;
			children = (
				525CFF4B23CDC61600B90092 /* Download */,
				525CFF4A23CDC5B600B90092 /* Cache */,
				525CFF4023CDC57900B90092 /* Extension */,
				525CFF4223CDC57900B90092 /* URLImageView.swift */,
				525CFF4423CDC57900B90092 /* ImageResize.swift */,
			);
			path = URLImageView;
			sourceTree = "<group>";
		};
		525CFF4023CDC57900B90092 /* Extension */ = {
			isa = PBXGroup;
			children = (
				525CFF4123CDC57900B90092 /* String + MD5.swift */,
				525CFF7423D1488B00B90092 /* UIImage + GIF.swift */,
			);
			path = Extension;
			sourceTree = "<group>";
		};
		525CFF4A23CDC5B600B90092 /* Cache */ = {
			isa = PBXGroup;
			children = (
				525CFF4323CDC57900B90092 /* ImageDiskCache.swift */,
				525CFF3F23CDC57900B90092 /* ImageMemoryCache.swift */,
			);
			path = Cache;
			sourceTree = "<group>";
		};
		525CFF4B23CDC61600B90092 /* Download */ = {
			isa = PBXGroup;
			children = (
				525CFF4C23CDC66B00B90092 /* ImageDownloader.swift */,
				525CFF7623D1A8E800B90092 /* ImageDownloadOperation.swift */,
			);
			path = Download;
			sourceTree = "<group>";
		};
/* End PBXGroup section */

/* Begin PBXNativeTarget section */
		525CFF0E23CDC4DA00B90092 /* ImageLoader */ = {
			isa = PBXNativeTarget;
			buildConfigurationList = 525CFF2E23CDC4DC00B90092 /* Build configuration list for PBXNativeTarget "ImageLoader" */;
			buildPhases = (
				525CFF0B23CDC4DA00B90092 /* Sources */,
				525CFF0C23CDC4DA00B90092 /* Frameworks */,
				525CFF0D23CDC4DA00B90092 /* Resources */,
			);
			buildRules = (
			);
			dependencies = (
			);
			name = ImageLoader;
			productName = ImageLoader;
			productReference = 525CFF0F23CDC4DA00B90092 /* ImageLoader.app */;
			productType = "com.apple.product-type.application";
		};
		525CFF2423CDC4DC00B90092 /* ImageLoaderUITests */ = {
			isa = PBXNativeTarget;
			buildConfigurationList = 525CFF3123CDC4DC00B90092 /* Build configuration list for PBXNativeTarget "ImageLoaderUITests" */;
			buildPhases = (
				525CFF2123CDC4DC00B90092 /* Sources */,
				525CFF2223CDC4DC00B90092 /* Frameworks */,
				525CFF2323CDC4DC00B90092 /* Resources */,
			);
			buildRules = (
			);
			dependencies = (
				525CFF2723CDC4DC00B90092 /* PBXTargetDependency */,
			);
			name = ImageLoaderUITests;
			productName = ImageLoaderUITests;
			productReference = 525CFF2523CDC4DC00B90092 /* ImageLoaderUITests.xctest */;
			productType = "com.apple.product-type.bundle.ui-testing";
		};
/* End PBXNativeTarget section */

/* Begin PBXProject section */
		525CFF0723CDC4DA00B90092 /* Project object */ = {
			isa = PBXProject;
			attributes = {
				LastSwiftUpdateCheck = 1110;
				LastUpgradeCheck = 1110;
				ORGANIZATIONNAME = BaQiWL;
				TargetAttributes = {
					525CFF0E23CDC4DA00B90092 = {
						CreatedOnToolsVersion = 11.1;
					};
					525CFF2423CDC4DC00B90092 = {
						CreatedOnToolsVersion = 11.1;
						TestTargetID = 525CFF0E23CDC4DA00B90092;
					};
				};
			};
			buildConfigurationList = 525CFF0A23CDC4DA00B90092 /* Build configuration list for PBXProject "ImageLoader" */;
			compatibilityVersion = "Xcode 9.3";
			developmentRegion = en;
			hasScannedForEncodings = 0;
			knownRegions = (
				en,
				Base,
			);
			mainGroup = 525CFF0623CDC4DA00B90092;
			productRefGroup = 525CFF1023CDC4DA00B90092 /* Products */;
			projectDirPath = "";
			projectRoot = "";
			targets = (
				525CFF0E23CDC4DA00B90092 /* ImageLoader */,
				525CFF2423CDC4DC00B90092 /* ImageLoaderUITests */,
			);
		};
/* End PBXProject section */

/* Begin PBXResourcesBuildPhase section */
		525CFF0D23CDC4DA00B90092 /* Resources */ = {
			isa = PBXResourcesBuildPhase;
			buildActionMask = 2147483647;
			files = (
				525CFF1F23CDC4DC00B90092 /* LaunchScreen.storyboard in Resources */,
				525CFF1C23CDC4DC00B90092 /* Assets.xcassets in Resources */,
				525CFF3B23CDC52000B90092 /* ImageViewController.xib in Resources */,
				525CFF3C23CDC52000B90092 /* ImageCell.xib in Resources */,
				525CFF1A23CDC4DA00B90092 /* Main.storyboard in Resources */,
			);
			runOnlyForDeploymentPostprocessing = 0;
		};
		525CFF2323CDC4DC00B90092 /* Resources */ = {
			isa = PBXResourcesBuildPhase;
			buildActionMask = 2147483647;
			files = (
			);
			runOnlyForDeploymentPostprocessing = 0;
		};
/* End PBXResourcesBuildPhase section */

/* Begin PBXSourcesBuildPhase section */
		525CFF0B23CDC4DA00B90092 /* Sources */ = {
			isa = PBXSourcesBuildPhase;
			buildActionMask = 2147483647;
			files = (
				525CFF4723CDC57900B90092 /* URLImageView.swift in Sources */,
				525CFF4823CDC57900B90092 /* ImageDiskCache.swift in Sources */,
				525CFF1723CDC4DA00B90092 /* ViewController.swift in Sources */,
				525CFF4923CDC57900B90092 /* ImageResize.swift in Sources */,
				525CFF3D23CDC52000B90092 /* ImageCell.swift in Sources */,
				525CFF4523CDC57900B90092 /* ImageMemoryCache.swift in Sources */,
				525CFF4D23CDC66B00B90092 /* ImageDownloader.swift in Sources */,
				525CFF4623CDC57900B90092 /* String + MD5.swift in Sources */,
				525CFF7523D1488B00B90092 /* UIImage + GIF.swift in Sources */,
				525CFF3A23CDC52000B90092 /* ImageViewController.swift in Sources */,
				525CFF1323CDC4DA00B90092 /* AppDelegate.swift in Sources */,
				525CFF7723D1A8E800B90092 /* ImageDownloadOperation.swift in Sources */,
			);
			runOnlyForDeploymentPostprocessing = 0;
		};
		525CFF2123CDC4DC00B90092 /* Sources */ = {
			isa = PBXSourcesBuildPhase;
			buildActionMask = 2147483647;
			files = (
				525CFF2A23CDC4DC00B90092 /* ImageLoaderUITests.swift in Sources */,
			);
			runOnlyForDeploymentPostprocessing = 0;
		};
/* End PBXSourcesBuildPhase section */

/* Begin PBXTargetDependency section */
		525CFF2723CDC4DC00B90092 /* PBXTargetDependency */ = {
			isa = PBXTargetDependency;
			target = 525CFF0E23CDC4DA00B90092 /* ImageLoader */;
			targetProxy = 525CFF2623CDC4DC00B90092 /* PBXContainerItemProxy */;
		};
/* End PBXTargetDependency section */

/* Begin PBXVariantGroup section */
		525CFF1823CDC4DA00B90092 /* Main.storyboard */ = {
			isa = PBXVariantGroup;
			children = (
				525CFF1923CDC4DA00B90092 /* Base */,
			);
			name = Main.storyboard;
			sourceTree = "<group>";
		};
		525CFF1D23CDC4DC00B90092 /* LaunchScreen.storyboard */ = {
			isa = PBXVariantGroup;
			children = (
				525CFF1E23CDC4DC00B90092 /* Base */,
			);
			name = LaunchScreen.storyboard;
			sourceTree = "<group>";
		};
/* End PBXVariantGroup section */

/* Begin XCBuildConfiguration section */
		525CFF2C23CDC4DC00B90092 /* Debug */ = {
			isa = XCBuildConfiguration;
			buildSettings = {
				ALWAYS_SEARCH_USER_PATHS = NO;
				CLANG_ANALYZER_NONNULL = YES;
				CLANG_ANALYZER_NUMBER_OBJECT_CONVERSION = YES_AGGRESSIVE;
				CLANG_CXX_LANGUAGE_STANDARD = "gnu++14";
				CLANG_CXX_LIBRARY = "libc++";
				CLANG_ENABLE_MODULES = YES;
				CLANG_ENABLE_OBJC_ARC = YES;
				CLANG_ENABLE_OBJC_WEAK = YES;
				CLANG_WARN_BLOCK_CAPTURE_AUTORELEASING = YES;
				CLANG_WARN_BOOL_CONVERSION = YES;
				CLANG_WARN_COMMA = YES;
				CLANG_WARN_CONSTANT_CONVERSION = YES;
				CLANG_WARN_DEPRECATED_OBJC_IMPLEMENTATIONS = YES;
				CLANG_WARN_DIRECT_OBJC_ISA_USAGE = YES_ERROR;
				CLANG_WARN_DOCUMENTATION_COMMENTS = YES;
				CLANG_WARN_EMPTY_BODY = YES;
				CLANG_WARN_ENUM_CONVERSION = YES;
				CLANG_WARN_INFINITE_RECURSION = YES;
				CLANG_WARN_INT_CONVERSION = YES;
				CLANG_WARN_NON_LITERAL_NULL_CONVERSION = YES;
				CLANG_WARN_OBJC_IMPLICIT_RETAIN_SELF = YES;
				CLANG_WARN_OBJC_LITERAL_CONVERSION = YES;
				CLANG_WARN_OBJC_ROOT_CLASS = YES_ERROR;
				CLANG_WARN_RANGE_LOOP_ANALYSIS = YES;
				CLANG_WARN_STRICT_PROTOTYPES = YES;
				CLANG_WARN_SUSPICIOUS_MOVE = YES;
				CLANG_WARN_UNGUARDED_AVAILABILITY = YES_AGGRESSIVE;
				CLANG_WARN_UNREACHABLE_CODE = YES;
				CLANG_WARN__DUPLICATE_METHOD_MATCH = YES;
				COPY_PHASE_STRIP = NO;
				DEBUG_INFORMATION_FORMAT = dwarf;
				ENABLE_STRICT_OBJC_MSGSEND = YES;
				ENABLE_TESTABILITY = YES;
				GCC_C_LANGUAGE_STANDARD = gnu11;
				GCC_DYNAMIC_NO_PIC = NO;
				GCC_NO_COMMON_BLOCKS = YES;
				GCC_OPTIMIZATION_LEVEL = 0;
				GCC_PREPROCESSOR_DEFINITIONS = (
					"DEBUG=1",
					"$(inherited)",
				);
				GCC_WARN_64_TO_32_BIT_CONVERSION = YES;
				GCC_WARN_ABOUT_RETURN_TYPE = YES_ERROR;
				GCC_WARN_UNDECLARED_SELECTOR = YES;
				GCC_WARN_UNINITIALIZED_AUTOS = YES_AGGRESSIVE;
				GCC_WARN_UNUSED_FUNCTION = YES;
				GCC_WARN_UNUSED_VARIABLE = YES;
				IPHONEOS_DEPLOYMENT_TARGET = 13.1;
				MTL_ENABLE_DEBUG_INFO = INCLUDE_SOURCE;
				MTL_FAST_MATH = YES;
				ONLY_ACTIVE_ARCH = YES;
				SDKROOT = iphoneos;
				SWIFT_ACTIVE_COMPILATION_CONDITIONS = DEBUG;
				SWIFT_OPTIMIZATION_LEVEL = "-Onone";
			};
			name = Debug;
		};
		525CFF2D23CDC4DC00B90092 /* Release */ = {
			isa = XCBuildConfiguration;
			buildSettings = {
				ALWAYS_SEARCH_USER_PATHS = NO;
				CLANG_ANALYZER_NONNULL = YES;
				CLANG_ANALYZER_NUMBER_OBJECT_CONVERSION = YES_AGGRESSIVE;
				CLANG_CXX_LANGUAGE_STANDARD = "gnu++14";
				CLANG_CXX_LIBRARY = "libc++";
				CLANG_ENABLE_MODULES = YES;
				CLANG_ENABLE_OBJC_ARC = YES;
				CLANG_ENABLE_OBJC_WEAK = YES;
				CLANG_WARN_BLOCK_CAPTURE_AUTORELEASING = YES;
				CLANG_WARN_BOOL_CONVERSION = YES;
				CLANG_WARN_COMMA = YES;
				CLANG_WARN_CONSTANT_CONVERSION = YES;
				CLANG_WARN_DEPRECATED_OBJC_IMPLEMENTATIONS = YES;
				CLANG_WARN_DIRECT_OBJC_ISA_USAGE = YES_ERROR;
				CLANG_WARN_DOCUMENTATION_COMMENTS = YES;
				CLANG_WARN_EMPTY_BODY = YES;
				CLANG_WARN_ENUM_CONVERSION = YES;
				CLANG_WARN_INFINITE_RECURSION = YES;
				CLANG_WARN_INT_CONVERSION = YES;
				CLANG_WARN_NON_LITERAL_NULL_CONVERSION = YES;
				CLANG_WARN_OBJC_IMPLICIT_RETAIN_SELF = YES;
				CLANG_WARN_OBJC_LITERAL_CONVERSION = YES;
				CLANG_WARN_OBJC_ROOT_CLASS = YES_ERROR;
				CLANG_WARN_RANGE_LOOP_ANALYSIS = YES;
				CLANG_WARN_STRICT_PROTOTYPES = YES;
				CLANG_WARN_SUSPICIOUS_MOVE = YES;
				CLANG_WARN_UNGUARDED_AVAILABILITY = YES_AGGRESSIVE;
				CLANG_WARN_UNREACHABLE_CODE = YES;
				CLANG_WARN__DUPLICATE_METHOD_MATCH = YES;
				COPY_PHASE_STRIP = NO;
				DEBUG_INFORMATION_FORMAT = "dwarf-with-dsym";
				ENABLE_NS_ASSERTIONS = NO;
				ENABLE_STRICT_OBJC_MSGSEND = YES;
				GCC_C_LANGUAGE_STANDARD = gnu11;
				GCC_NO_COMMON_BLOCKS = YES;
				GCC_WARN_64_TO_32_BIT_CONVERSION = YES;
				GCC_WARN_ABOUT_RETURN_TYPE = YES_ERROR;
				GCC_WARN_UNDECLARED_SELECTOR = YES;
				GCC_WARN_UNINITIALIZED_AUTOS = YES_AGGRESSIVE;
				GCC_WARN_UNUSED_FUNCTION = YES;
				GCC_WARN_UNUSED_VARIABLE = YES;
				IPHONEOS_DEPLOYMENT_TARGET = 13.1;
				MTL_ENABLE_DEBUG_INFO = NO;
				MTL_FAST_MATH = YES;
				SDKROOT = iphoneos;
				SWIFT_COMPILATION_MODE = wholemodule;
				SWIFT_OPTIMIZATION_LEVEL = "-O";
				VALIDATE_PRODUCT = YES;
			};
			name = Release;
		};
		525CFF2F23CDC4DC00B90092 /* Debug */ = {
			isa = XCBuildConfiguration;
			buildSettings = {
				ASSETCATALOG_COMPILER_APPICON_NAME = AppIcon;
				CODE_SIGN_STYLE = Automatic;
				DEBUG_INFORMATION_FORMAT = "dwarf-with-dsym";
				DEVELOPMENT_TEAM = 7ZZ2BN3Q48;
				INFOPLIST_FILE = ImageLoader/Info.plist;
				IPHONEOS_DEPLOYMENT_TARGET = 11.0;
				LD_RUNPATH_SEARCH_PATHS = (
					"$(inherited)",
					"@executable_path/Frameworks",
				);
				OTHER_LDFLAGS = (
					"-weak_framework",
					CryptoKit,
				);
				PRODUCT_BUNDLE_IDENTIFIER = com.YZY.ImageLoader;
				PRODUCT_NAME = "$(TARGET_NAME)";
				SWIFT_VERSION = 5.0;
				TARGETED_DEVICE_FAMILY = "1,2";
			};
			name = Debug;
		};
		525CFF3023CDC4DC00B90092 /* Release */ = {
			isa = XCBuildConfiguration;
			buildSettings = {
				ASSETCATALOG_COMPILER_APPICON_NAME = AppIcon;
				CODE_SIGN_STYLE = Automatic;
				DEVELOPMENT_TEAM = 7ZZ2BN3Q48;
				INFOPLIST_FILE = ImageLoader/Info.plist;
				IPHONEOS_DEPLOYMENT_TARGET = 11.0;
				LD_RUNPATH_SEARCH_PATHS = (
					"$(inherited)",
					"@executable_path/Frameworks",
				);
				OTHER_LDFLAGS = (
					"-weak_framework",
					CryptoKit,
				);
				PRODUCT_BUNDLE_IDENTIFIER = com.YZY.ImageLoader;
				PRODUCT_NAME = "$(TARGET_NAME)";
				SWIFT_VERSION = 5.0;
				TARGETED_DEVICE_FAMILY = "1,2";
			};
			name = Release;
		};
		525CFF3223CDC4DC00B90092 /* Debug */ = {
			isa = XCBuildConfiguration;
			buildSettings = {
				ALWAYS_EMBED_SWIFT_STANDARD_LIBRARIES = YES;
				CODE_SIGN_STYLE = Automatic;
				DEVELOPMENT_TEAM = 7ZZ2BN3Q48;
				INFOPLIST_FILE = ImageLoaderUITests/Info.plist;
				LD_RUNPATH_SEARCH_PATHS = (
					"$(inherited)",
					"@executable_path/Frameworks",
					"@loader_path/Frameworks",
				);
				PRODUCT_BUNDLE_IDENTIFIER = com.YZY.ImageLoaderUITests;
				PRODUCT_NAME = "$(TARGET_NAME)";
				SWIFT_VERSION = 5.0;
				TARGETED_DEVICE_FAMILY = "1,2";
				TEST_TARGET_NAME = ImageLoader;
			};
			name = Debug;
		};
		525CFF3323CDC4DC00B90092 /* Release */ = {
			isa = XCBuildConfiguration;
			buildSettings = {
				ALWAYS_EMBED_SWIFT_STANDARD_LIBRARIES = YES;
				CODE_SIGN_STYLE = Automatic;
				DEVELOPMENT_TEAM = 7ZZ2BN3Q48;
				INFOPLIST_FILE = ImageLoaderUITests/Info.plist;
				LD_RUNPATH_SEARCH_PATHS = (
					"$(inherited)",
					"@executable_path/Frameworks",
					"@loader_path/Frameworks",
				);
				PRODUCT_BUNDLE_IDENTIFIER = com.YZY.ImageLoaderUITests;
				PRODUCT_NAME = "$(TARGET_NAME)";
				SWIFT_VERSION = 5.0;
				TARGETED_DEVICE_FAMILY = "1,2";
				TEST_TARGET_NAME = ImageLoader;
			};
			name = Release;
		};
/* End XCBuildConfiguration section */

/* Begin XCConfigurationList section */
		525CFF0A23CDC4DA00B90092 /* Build configuration list for PBXProject "ImageLoader" */ = {
			isa = XCConfigurationList;
			buildConfigurations = (
				525CFF2C23CDC4DC00B90092 /* Debug */,
				525CFF2D23CDC4DC00B90092 /* Release */,
			);
			defaultConfigurationIsVisible = 0;
			defaultConfigurationName = Release;
		};
		525CFF2E23CDC4DC00B90092 /* Build configuration list for PBXNativeTarget "ImageLoader" */ = {
			isa = XCConfigurationList;
			buildConfigurations = (
				525CFF2F23CDC4DC00B90092 /* Debug */,
				525CFF3023CDC4DC00B90092 /* Release */,
			);
			defaultConfigurationIsVisible = 0;
			defaultConfigurationName = Release;
		};
		525CFF3123CDC4DC00B90092 /* Build configuration list for PBXNativeTarget "ImageLoaderUITests" */ = {
			isa = XCConfigurationList;
			buildConfigurations = (
				525CFF3223CDC4DC00B90092 /* Debug */,
				525CFF3323CDC4DC00B90092 /* Release */,
			);
			defaultConfigurationIsVisible = 0;
			defaultConfigurationName = Release;
		};
/* End XCConfigurationList section */
	};
	rootObject = 525CFF0723CDC4DA00B90092 /* Project object */;
}
